
Microsoft Visual Studio Solution File, Format Version 12.00
# Visual Studio Version 17
VisualStudioVersion = 17.14.36804.6 d17.14
MinimumVisualStudioVersion = 10.0.40219.1
Project("{FAE04EC0-301F-11D3-BF4B-00C04F79EFBC}") = "EstoqueService", "EstoqueService\EstoqueService.csproj", "{8318332B-87A1-48D2-B470-FA878AE4943F}"
EndProject
Project("{FAE04EC0-301F-11D3-BF4B-00C04F79EFBC}") = "FaturamentoService", "FaturamentoService\FaturamentoService.csproj", "{A93F2873-2B5F-4899-8193-F28107E98F67}"
EndProject
Global
	GlobalSection(SolutionConfigurationPlatforms) = preSolution
		Debug|Any CPU = Debug|Any CPU
		Release|Any CPU = Release|Any CPU
	EndGlobalSection
	GlobalSection(ProjectConfigurationPlatforms) = postSolution
		{8318332B-87A1-48D2-B470-FA878AE4943F}.Debug|Any CPU.ActiveCfg = Debug|Any CPU
		{8318332B-87A1-48D2-B470-FA878AE4943F}.Debug|Any CPU.Build.0 = Debug|Any CPU
		{8318332B-87A1-48D2-B470-FA878AE4943F}.Release|Any CPU.ActiveCfg = Release|Any CPU
		{8318332B-87A1-48D2-B470-FA878AE4943F}.Release|Any CPU.Build.0 = Release|Any CPU
		{A93F2873-2B5F-4899-8193-F28107E98F67}.Debug|Any CPU.ActiveCfg = Debug|Any CPU
		{A93F2873-2B5F-4899-8193-F28107E98F67}.Debug|Any CPU.Build.0 = Debug|Any CPU
		{A93F2873-2B5F-4899-8193-F28107E98F67}.Release|Any CPU.ActiveCfg = Release|Any CPU
		{A93F2873-2B5F-4899-8193-F28107E98F67}.Release|Any CPU.Build.0 = Release|Any CPU
	EndGlobalSection
	GlobalSection(SolutionProperties) = preSolution
		HideSolutionNode = FALSE
	EndGlobalSection
	GlobalSection(ExtensibilityGlobals) = postSolution
		SolutionGuid = {D7CAFA87-F5E6-4137-97FD-E6F6725A98CD}
	EndGlobalSection
EndGlobal
